
Microsoft Visual Studio Solution File, Format Version 12.00
# Visual Studio Version 17
VisualStudioVersion = 17.5.33516.290
MinimumVisualStudioVersion = 10.0.40219.1
Project("{FAE04EC0-301F-11D3-BF4B-00C04F79EFBC}") = "Ticaret Uygulaması", "Ticaret Uygulaması\Ticaret Uygulaması.csproj", "{DF50E5E6-C8F6-40FF-B2AD-AC33D1E86D94}"
EndProject
Global
	GlobalSection(SolutionConfigurationPlatforms) = preSolution
		Debug|Any CPU = Debug|Any CPU
		Release|Any CPU = Release|Any CPU
	EndGlobalSection
	GlobalSection(ProjectConfigurationPlatforms) = postSolution
		{DF50E5E6-C8F6-40FF-B2AD-AC33D1E86D94}.Debug|Any CPU.ActiveCfg = Debug|Any CPU
		{DF50E5E6-C8F6-40FF-B2AD-AC33D1E86D94}.Debug|Any CPU.Build.0 = Debug|Any CPU
		{DF50E5E6-C8F6-40FF-B2AD-AC33D1E86D94}.Release|Any CPU.ActiveCfg = Release|Any CPU
		{DF50E5E6-C8F6-40FF-B2AD-AC33D1E86D94}.Release|Any CPU.Build.0 = Release|Any CPU
	EndGlobalSection
	GlobalSection(SolutionProperties) = preSolution
		HideSolutionNode = FALSE
	EndGlobalSection
	GlobalSection(ExtensibilityGlobals) = postSolution
		SolutionGuid = {0D6342D2-06BF-4DBD-BDDA-5808809E32E4}
	EndGlobalSection
EndGlobal
